dependencies:
- name: oauth2-proxy
  repository: https://oauth2-proxy.github.io/manifests
  version: 7.17.0
- name: kubernetes-dashboard
  repository: https://kubernetes.github.io/dashboard
  version: 7.13.0
- name: redis
  repository: https://charts.bitnami.com/bitnami
  version: 22.0.1
digest: sha256:87e271769728941ef083be4878b480b696837024732e03df44b3cbea7da79d04
generated: "2025-08-09T15:45:51.903091527-04:00"
