dependencies:
- name: oauth2-proxy
  repository: https://oauth2-proxy.github.io/manifests
  version: 7.17.0
- name: kubernetes-dashboard
  repository: https://kubernetes.github.io/dashboard
  version: 7.13.0
digest: sha256:7b93ab81514d550cd078d818ea7f99eb2e8335d09ab60846bfedfbc918b34894
generated: "2025-08-08T18:38:14.663226303-04:00"
